
Microsoft Visual Studio Solution File, Format Version 12.00
# Visual Studio Version 16
VisualStudioVersion = 16.0.28729.10
MinimumVisualStudioVersion = 10.0.40219.1
Project("{FAE04EC0-301F-11D3-BF4B-00C04F79EFBC}") = "Scanner", "Scanner\Scanner.csproj", "{3661B072-5395-488E-982A-26637E2158E7}"
EndProject
Project("{FAE04EC0-301F-11D3-BF4B-00C04F79EFBC}") = "PatternSearch", "PatternSearch\PatternSearch.csproj", "{206082E3-415C-4577-B5F6-AEB1DB9EB8C5}"
EndProject
Project("{FAE04EC0-301F-11D3-BF4B-00C04F79EFBC}") = "IFileManager", "IFileMgt\IFileManager.csproj", "{2391CEDD-6C06-478C-8D3E-C4D5E3DF268C}"
EndProject
Project("{FAE04EC0-301F-11D3-BF4B-00C04F79EFBC}") = "PdfReader", "PdfReader\PdfReader.csproj", "{70DF9EB7-5DF8-4B25-A6C3-DFF9C9B308FB}"
EndProject
Project("{FAE04EC0-301F-11D3-BF4B-00C04F79EFBC}") = "TextReader", "TextReader\TextReader.csproj", "{59C9AD8B-03E5-4CBF-A289-C9C76215E6CB}"
EndProject
Project("{FAE04EC0-301F-11D3-BF4B-00C04F79EFBC}") = "docxreader", "docxreader\docxreader.csproj", "{85D49755-A5E5-4DA5-904B-E7888E9B7929}"
EndProject
Project("{FAE04EC0-301F-11D3-BF4B-00C04F79EFBC}") = "XlsxReader", "XlsxReader\XlsxReader.csproj", "{3A6FFA2B-69FB-4333-8237-2CA739286955}"
EndProject
Global
	GlobalSection(SolutionConfigurationPlatforms) = preSolution
		Debug|Any CPU = Debug|Any CPU
		Release|Any CPU = Release|Any CPU
	EndGlobalSection
	GlobalSection(ProjectConfigurationPlatforms) = postSolution
		{3661B072-5395-488E-982A-26637E2158E7}.Debug|Any CPU.ActiveCfg = Debug|Any CPU
		{3661B072-5395-488E-982A-26637E2158E7}.Debug|Any CPU.Build.0 = Debug|Any CPU
		{3661B072-5395-488E-982A-26637E2158E7}.Release|Any CPU.ActiveCfg = Release|Any CPU
		{3661B072-5395-488E-982A-26637E2158E7}.Release|Any CPU.Build.0 = Release|Any CPU
		{206082E3-415C-4577-B5F6-AEB1DB9EB8C5}.Debug|Any CPU.ActiveCfg = Debug|Any CPU
		{206082E3-415C-4577-B5F6-AEB1DB9EB8C5}.Debug|Any CPU.Build.0 = Debug|Any CPU
		{206082E3-415C-4577-B5F6-AEB1DB9EB8C5}.Release|Any CPU.ActiveCfg = Release|Any CPU
		{206082E3-415C-4577-B5F6-AEB1DB9EB8C5}.Release|Any CPU.Build.0 = Release|Any CPU
		{2391CEDD-6C06-478C-8D3E-C4D5E3DF268C}.Debug|Any CPU.ActiveCfg = Debug|Any CPU
		{2391CEDD-6C06-478C-8D3E-C4D5E3DF268C}.Debug|Any CPU.Build.0 = Debug|Any CPU
		{2391CEDD-6C06-478C-8D3E-C4D5E3DF268C}.Release|Any CPU.ActiveCfg = Release|Any CPU
		{2391CEDD-6C06-478C-8D3E-C4D5E3DF268C}.Release|Any CPU.Build.0 = Release|Any CPU
		{70DF9EB7-5DF8-4B25-A6C3-DFF9C9B308FB}.Debug|Any CPU.ActiveCfg = Debug|Any CPU
		{70DF9EB7-5DF8-4B25-A6C3-DFF9C9B308FB}.Debug|Any CPU.Build.0 = Debug|Any CPU
		{70DF9EB7-5DF8-4B25-A6C3-DFF9C9B308FB}.Release|Any CPU.ActiveCfg = Release|Any CPU
		{70DF9EB7-5DF8-4B25-A6C3-DFF9C9B308FB}.Release|Any CPU.Build.0 = Release|Any CPU
		{59C9AD8B-03E5-4CBF-A289-C9C76215E6CB}.Debug|Any CPU.ActiveCfg = Debug|Any CPU
		{59C9AD8B-03E5-4CBF-A289-C9C76215E6CB}.Debug|Any CPU.Build.0 = Debug|Any CPU
		{59C9AD8B-03E5-4CBF-A289-C9C76215E6CB}.Release|Any CPU.ActiveCfg = Release|Any CPU
		{59C9AD8B-03E5-4CBF-A289-C9C76215E6CB}.Release|Any CPU.Build.0 = Release|Any CPU
		{85D49755-A5E5-4DA5-904B-E7888E9B7929}.Debug|Any CPU.ActiveCfg = Debug|Any CPU
		{85D49755-A5E5-4DA5-904B-E7888E9B7929}.Debug|Any CPU.Build.0 = Debug|Any CPU
		{85D49755-A5E5-4DA5-904B-E7888E9B7929}.Release|Any CPU.ActiveCfg = Release|Any CPU
		{85D49755-A5E5-4DA5-904B-E7888E9B7929}.Release|Any CPU.Build.0 = Release|Any CPU
		{3A6FFA2B-69FB-4333-8237-2CA739286955}.Debug|Any CPU.ActiveCfg = Debug|Any CPU
		{3A6FFA2B-69FB-4333-8237-2CA739286955}.Debug|Any CPU.Build.0 = Debug|Any CPU
		{3A6FFA2B-69FB-4333-8237-2CA739286955}.Release|Any CPU.ActiveCfg = Release|Any CPU
		{3A6FFA2B-69FB-4333-8237-2CA739286955}.Release|Any CPU.Build.0 = Release|Any CPU
	EndGlobalSection
	GlobalSection(SolutionProperties) = preSolution
		HideSolutionNode = FALSE
	EndGlobalSection
	GlobalSection(ExtensibilityGlobals) = postSolution
		SolutionGuid = {C80E5029-44C9-4C12-9012-397D6D62EB08}
	EndGlobalSection
EndGlobal
